// !$*UTF8*$!
{
	archiveVersion = 1;
	classes = {
	};
	objectVersion = 54;
	objects = {

/* Begin PBXBuildFile section */
		0C80B921A6F3F58F76C31292 /* libPods-EightSquare.a in Frameworks */ = {isa = PBXBuildFile; fileRef = 5DCACB8F33CDC322A6C60F78 /* libPods-EightSquare.a */; };
		13B07FBF1A68108700A75B9A /* Images.xcassets in Resources */ = {isa = PBXBuildFile; fileRef = 13B07FB51A68108700A75B9A /* Images.xcassets */; };
		4A7D247AD94D4308A755FD52 /* CormorantGaramond-BoldItalic.ttf in Resources */ = {isa = PBXBuildFile; fileRef = 1FA6316246CA4F77846FA182 /* CormorantGaramond-BoldItalic.ttf */; };
		4C2B4D9EDED5409E9CD851A2 /* ProzaLibre-ExtraBold.ttf in Resources */ = {isa = PBXBuildFile; fileRef = 21D0B80AC787411E990BBFA8 /* ProzaLibre-ExtraBold.ttf */; };
		68511F012DDA43B68F8CA89A /* ProzaLibre-Medium.ttf in Resources */ = {isa = PBXBuildFile; fileRef = EB401B4A26124A6BAC50ABCE /* ProzaLibre-Medium.ttf */; };
		68D7F2C63C9D4A1DB0F1AD74 /* CormorantGaramond-Italic.ttf in Resources */ = {isa = PBXBuildFile; fileRef = 29BE439CDCA544A18F19004F /* CormorantGaramond-Italic.ttf */; };
		70781A7E5C2A4A6E823B22BD /* ProzaLibre-MediumItalic.ttf in Resources */ = {isa = PBXBuildFile; fileRef = 4A0E31FEDED94AE390F0333C /* ProzaLibre-MediumItalic.ttf */; };
		761780ED2CA45674006654EE /* AppDelegate.swift in Sources */ = {isa = PBXBuildFile; fileRef = 761780EC2CA45674006654EE /* AppDelegate.swift */; };
		81AB9BB82411601600AC10FF /* LaunchScreen.storyboard in Resources */ = {isa = PBXBuildFile; fileRef = 81AB9BB72411601600AC10FF /* LaunchScreen.storyboard */; };
		83105BAB70534011815D1C16 /* ProzaLibre-BoldItalic.ttf in Resources */ = {isa = PBXBuildFile; fileRef = 76A472CF34914B29B463CE5B /* ProzaLibre-BoldItalic.ttf */; };
		8E140D0E50C6423DAA4203D4 /* CormorantGaramond-SemiBold.ttf in Resources */ = {isa = PBXBuildFile; fileRef = F11D915F767C4ED6B5E8324A /* CormorantGaramond-SemiBold.ttf */; };
		91D629437F374C078AAE7B75 /* ProzaLibre-Bold.ttf in Resources */ = {isa = PBXBuildFile; fileRef = 035139BB91AF4D5A85FB3CFD /* ProzaLibre-Bold.ttf */; };
		9CE15482CC484E669057E6A1 /* ProzaLibre-Italic.ttf in Resources */ = {isa = PBXBuildFile; fileRef = 508FD4AD810D40AF9C41E51C /* ProzaLibre-Italic.ttf */; };
		A830D31759E944BC8AEFAF9B /* CormorantGaramond-SemiBoldItalic.ttf in Resources */ = {isa = PBXBuildFile; fileRef = A31EA16FB6AB4A9890586384 /* CormorantGaramond-SemiBoldItalic.ttf */; };
		B0D52ED200554EFCAA7E6B8E /* ProzaLibre-SemiBoldItalic.ttf in Resources */ = {isa = PBXBuildFile; fileRef = 0E6C62B210E74CF99BA4B76B /* ProzaLibre-SemiBoldItalic.ttf */; };
		BB2F7D065D384D3BA28E008C /* ProzaLibre-ExtraBoldItalic.ttf in Resources */ = {isa = PBXBuildFile; fileRef = 7F8114EB3ABC42AA98E64567 /* ProzaLibre-ExtraBoldItalic.ttf */; };
		C470E125B0A04A2F9B825EDA /* CormorantGaramond-Medium.ttf in Resources */ = {isa = PBXBuildFile; fileRef = 36C533324893485292F9573C /* CormorantGaramond-Medium.ttf */; };
		C78B7EEE01F62CF7B2DE5F53 /* PrivacyInfo.xcprivacy in Resources */ = {isa = PBXBuildFile; fileRef = 13B07FB81A68108700A75B9A /* PrivacyInfo.xcprivacy */; };
		CDEA04B801894287A45612B5 /* OFL.txt in Resources */ = {isa = PBXBuildFile; fileRef = 77C4F1BE08CF4F71AFF3DA38 /* OFL.txt */; };
		CEF25B012D7C0DD8003FDEDA /* launch_screen.jpeg in Resources */ = {isa = PBXBuildFile; fileRef = CEF25B002D7C0DD8003FDEDA /* launch_screen.jpeg */; };
		D4D2A295E01A47E9A15508EF /* CormorantGaramond-Light.ttf in Resources */ = {isa = PBXBuildFile; fileRef = 66D1F38D1DFD40DCBB8C0547 /* CormorantGaramond-Light.ttf */; };
		D774540E578B4A639100B346 /* OFL 2.txt in Resources */ = {isa = PBXBuildFile; fileRef = 14000AFD41E34F62B99152C9 /* OFL 2.txt */; };
		D7EB0D889E9B451886B20C12 /* ProzaLibre-Regular.ttf in Resources */ = {isa = PBXBuildFile; fileRef = CC620C5D289B4BBFB4078BD5 /* ProzaLibre-Regular.ttf */; };
		E76DA3F45EBC4EBAB0AD35DF /* CormorantGaramond-LightItalic.ttf in Resources */ = {isa = PBXBuildFile; fileRef = E307A8FCF9B4463EB2BED235 /* CormorantGaramond-LightItalic.ttf */; };
		E89B8621BD714720AC3CE85F /* ProzaLibre-SemiBold.ttf in Resources */ = {isa = PBXBuildFile; fileRef = 29F300557AE345B196EDD1FD /* ProzaLibre-SemiBold.ttf */; };
		F2263E1AA0F84A5E90047A4E /* CormorantGaramond-MediumItalic.ttf in Resources */ = {isa = PBXBuildFile; fileRef = 2095C77699FE478892CCDF3F /* CormorantGaramond-MediumItalic.ttf */; };
		F6F226F7E6154C699079125F /* CormorantGaramond-Bold.ttf in Resources */ = {isa = PBXBuildFile; fileRef = 930B88EF296240DB901FD965 /* CormorantGaramond-Bold.ttf */; };
		F8FF43E96243447A90DEED86 /* CormorantGaramond-Regular.ttf in Resources */ = {isa = PBXBuildFile; fileRef = 0419AA4660B7469B8A951010 /* CormorantGaramond-Regular.ttf */; };
/* End PBXBuildFile section */

/* Begin PBXFileReference section */
		035139BB91AF4D5A85FB3CFD /* ProzaLibre-Bold.ttf */ = {isa = PBXFileReference; explicitFileType = undefined; fileEncoding = 9; includeInIndex = 0; lastKnownFileType = unknown; name = "ProzaLibre-Bold.ttf"; path = "../src/assets/fonts/ProzaLibre-Bold.ttf"; sourceTree = "<group>"; };
		0419AA4660B7469B8A951010 /* CormorantGaramond-Regular.ttf */ = {isa = PBXFileReference; explicitFileType = undefined; fileEncoding = 9; includeInIndex = 0; lastKnownFileType = unknown; name = "CormorantGaramond-Regular.ttf"; path = "../src/assets/fonts/CormorantGaramond-Regular.ttf"; sourceTree = "<group>"; };
		0E6C62B210E74CF99BA4B76B /* ProzaLibre-SemiBoldItalic.ttf */ = {isa = PBXFileReference; explicitFileType = undefined; fileEncoding = 9; includeInIndex = 0; lastKnownFileType = unknown; name = "ProzaLibre-SemiBoldItalic.ttf"; path = "../src/assets/fonts/ProzaLibre-SemiBoldItalic.ttf"; sourceTree = "<group>"; };
		13B07F961A680F5B00A75B9A /* EightSquare.app */ = {isa = PBXFileReference; explicitFileType = wrapper.application; includeInIndex = 0; path = EightSquare.app; sourceTree = BUILT_PRODUCTS_DIR; };
		13B07FB51A68108700A75B9A /* Images.xcassets */ = {isa = PBXFileReference; lastKnownFileType = folder.assetcatalog; name = Images.xcassets; path = EightSquare/Images.xcassets; sourceTree = "<group>"; };
		13B07FB61A68108700A75B9A /* Info.plist */ = {isa = PBXFileReference; fileEncoding = 4; lastKnownFileType = text.plist.xml; name = Info.plist; path = EightSquare/Info.plist; sourceTree = "<group>"; };
		13B07FB81A68108700A75B9A /* PrivacyInfo.xcprivacy */ = {isa = PBXFileReference; fileEncoding = 4; lastKnownFileType = text.plist.xml; name = PrivacyInfo.xcprivacy; path = EightSquare/PrivacyInfo.xcprivacy; sourceTree = "<group>"; };
		14000AFD41E34F62B99152C9 /* OFL 2.txt */ = {isa = PBXFileReference; explicitFileType = undefined; fileEncoding = 9; includeInIndex = 0; lastKnownFileType = unknown; name = "OFL 2.txt"; path = "../src/assets/fonts/OFL 2.txt"; sourceTree = "<group>"; };
		1FA6316246CA4F77846FA182 /* CormorantGaramond-BoldItalic.ttf */ = {isa = PBXFileReference; explicitFileType = undefined; fileEncoding = 9; includeInIndex = 0; lastKnownFileType = unknown; name = "CormorantGaramond-BoldItalic.ttf"; path = "../src/assets/fonts/CormorantGaramond-BoldItalic.ttf"; sourceTree = "<group>"; };
		2095C77699FE478892CCDF3F /* CormorantGaramond-MediumItalic.ttf */ = {isa = PBXFileReference; explicitFileType = undefined; fileEncoding = 9; includeInIndex = 0; lastKnownFileType = unknown; name = "CormorantGaramond-MediumItalic.ttf"; path = "../src/assets/fonts/CormorantGaramond-MediumItalic.ttf"; sourceTree = "<group>"; };
		21D0B80AC787411E990BBFA8 /* ProzaLibre-ExtraBold.ttf */ = {isa = PBXFileReference; explicitFileType = undefined; fileEncoding = 9; includeInIndex = 0; lastKnownFileType = unknown; name = "ProzaLibre-ExtraBold.ttf"; path = "../src/assets/fonts/ProzaLibre-ExtraBold.ttf"; sourceTree = "<group>"; };
		29BE439CDCA544A18F19004F /* CormorantGaramond-Italic.ttf */ = {isa = PBXFileReference; explicitFileType = undefined; fileEncoding = 9; includeInIndex = 0; lastKnownFileType = unknown; name = "CormorantGaramond-Italic.ttf"; path = "../src/assets/fonts/CormorantGaramond-Italic.ttf"; sourceTree = "<group>"; };
		29F300557AE345B196EDD1FD /* ProzaLibre-SemiBold.ttf */ = {isa = PBXFileReference; explicitFileType = undefined; fileEncoding = 9; includeInIndex = 0; lastKnownFileType = unknown; name = "ProzaLibre-SemiBold.ttf"; path = "../src/assets/fonts/ProzaLibre-SemiBold.ttf"; sourceTree = "<group>"; };
		36C533324893485292F9573C /* CormorantGaramond-Medium.ttf */ = {isa = PBXFileReference; explicitFileType = undefined; fileEncoding = 9; includeInIndex = 0; lastKnownFileType = unknown; name = "CormorantGaramond-Medium.ttf"; path = "../src/assets/fonts/CormorantGaramond-Medium.ttf"; sourceTree = "<group>"; };
		3B4392A12AC88292D35C810B /* Pods-EightSquare.debug.xcconfig */ = {isa = PBXFileReference; includeInIndex = 1; lastKnownFileType = text.xcconfig; name = "Pods-EightSquare.debug.xcconfig"; path = "Target Support Files/Pods-EightSquare/Pods-EightSquare.debug.xcconfig"; sourceTree = "<group>"; };
		4A0E31FEDED94AE390F0333C /* ProzaLibre-MediumItalic.ttf */ = {isa = PBXFileReference; explicitFileType = undefined; fileEncoding = 9; includeInIndex = 0; lastKnownFileType = unknown; name = "ProzaLibre-MediumItalic.ttf"; path = "../src/assets/fonts/ProzaLibre-MediumItalic.ttf"; sourceTree = "<group>"; };
		508FD4AD810D40AF9C41E51C /* ProzaLibre-Italic.ttf */ = {isa = PBXFileReference; explicitFileType = undefined; fileEncoding = 9; includeInIndex = 0; lastKnownFileType = unknown; name = "ProzaLibre-Italic.ttf"; path = "../src/assets/fonts/ProzaLibre-Italic.ttf"; sourceTree = "<group>"; };
		5709B34CF0A7D63546082F79 /* Pods-EightSquare.release.xcconfig */ = {isa = PBXFileReference; includeInIndex = 1; lastKnownFileType = text.xcconfig; name = "Pods-EightSquare.release.xcconfig"; path = "Target Support Files/Pods-EightSquare/Pods-EightSquare.release.xcconfig"; sourceTree = "<group>"; };
		5DCACB8F33CDC322A6C60F78 /* libPods-EightSquare.a */ = {isa = PBXFileReference; explicitFileType = archive.ar; includeInIndex = 0; path = "libPods-EightSquare.a"; sourceTree = BUILT_PRODUCTS_DIR; };
		66D1F38D1DFD40DCBB8C0547 /* CormorantGaramond-Light.ttf */ = {isa = PBXFileReference; explicitFileType = undefined; fileEncoding = 9; includeInIndex = 0; lastKnownFileType = unknown; name = "CormorantGaramond-Light.ttf"; path = "../src/assets/fonts/CormorantGaramond-Light.ttf"; sourceTree = "<group>"; };
		761780EC2CA45674006654EE /* AppDelegate.swift */ = {isa = PBXFileReference; lastKnownFileType = sourcecode.swift; name = AppDelegate.swift; path = EightSquare/AppDelegate.swift; sourceTree = "<group>"; };
		76A472CF34914B29B463CE5B /* ProzaLibre-BoldItalic.ttf */ = {isa = PBXFileReference; explicitFileType = undefined; fileEncoding = 9; includeInIndex = 0; lastKnownFileType = unknown; name = "ProzaLibre-BoldItalic.ttf"; path = "../src/assets/fonts/ProzaLibre-BoldItalic.ttf"; sourceTree = "<group>"; };
		77C4F1BE08CF4F71AFF3DA38 /* OFL.txt */ = {isa = PBXFileReference; explicitFileType = undefined; fileEncoding = 9; includeInIndex = 0; lastKnownFileType = unknown; name = OFL.txt; path = ../src/assets/fonts/OFL.txt; sourceTree = "<group>"; };
		7F8114EB3ABC42AA98E64567 /* ProzaLibre-ExtraBoldItalic.ttf */ = {isa = PBXFileReference; explicitFileType = undefined; fileEncoding = 9; includeInIndex = 0; lastKnownFileType = unknown; name = "ProzaLibre-ExtraBoldItalic.ttf"; path = "../src/assets/fonts/ProzaLibre-ExtraBoldItalic.ttf"; sourceTree = "<group>"; };
		81AB9BB72411601600AC10FF /* LaunchScreen.storyboard */ = {isa = PBXFileReference; fileEncoding = 4; lastKnownFileType = file.storyboard; name = LaunchScreen.storyboard; path = EightSquare/LaunchScreen.storyboard; sourceTree = "<group>"; };
		930B88EF296240DB901FD965 /* CormorantGaramond-Bold.ttf */ = {isa = PBXFileReference; explicitFileType = undefined; fileEncoding = 9; includeInIndex = 0; lastKnownFileType = unknown; name = "CormorantGaramond-Bold.ttf"; path = "../src/assets/fonts/CormorantGaramond-Bold.ttf"; sourceTree = "<group>"; };
		A31EA16FB6AB4A9890586384 /* CormorantGaramond-SemiBoldItalic.ttf */ = {isa = PBXFileReference; explicitFileType = undefined; fileEncoding = 9; includeInIndex = 0; lastKnownFileType = unknown; name = "CormorantGaramond-SemiBoldItalic.ttf"; path = "../src/assets/fonts/CormorantGaramond-SemiBoldItalic.ttf"; sourceTree = "<group>"; };
		CC620C5D289B4BBFB4078BD5 /* ProzaLibre-Regular.ttf */ = {isa = PBXFileReference; explicitFileType = undefined; fileEncoding = 9; includeInIndex = 0; lastKnownFileType = unknown; name = "ProzaLibre-Regular.ttf"; path = "../src/assets/fonts/ProzaLibre-Regular.ttf"; sourceTree = "<group>"; };
		CEF25B002D7C0DD8003FDEDA /* launch_screen.jpeg */ = {isa = PBXFileReference; lastKnownFileType = image.jpeg; name = launch_screen.jpeg; path = ../../../../Downloads/launch_screen.jpeg; sourceTree = "<group>"; };
		E307A8FCF9B4463EB2BED235 /* CormorantGaramond-LightItalic.ttf */ = {isa = PBXFileReference; explicitFileType = undefined; fileEncoding = 9; includeInIndex = 0; lastKnownFileType = unknown; name = "CormorantGaramond-LightItalic.ttf"; path = "../src/assets/fonts/CormorantGaramond-LightItalic.ttf"; sourceTree = "<group>"; };
		EB401B4A26124A6BAC50ABCE /* ProzaLibre-Medium.ttf */ = {isa = PBXFileReference; explicitFileType = undefined; fileEncoding = 9; includeInIndex = 0; lastKnownFileType = unknown; name = "ProzaLibre-Medium.ttf"; path = "../src/assets/fonts/ProzaLibre-Medium.ttf"; sourceTree = "<group>"; };
		ED297162215061F000B7C4FE /* JavaScriptCore.framework */ = {isa = PBXFileReference; lastKnownFileType = wrapper.framework; name = JavaScriptCore.framework; path = System/Library/Frameworks/JavaScriptCore.framework; sourceTree = SDKROOT; };
		F11D915F767C4ED6B5E8324A /* CormorantGaramond-SemiBold.ttf */ = {isa = PBXFileReference; explicitFileType = undefined; fileEncoding = 9; includeInIndex = 0; lastKnownFileType = unknown; name = "CormorantGaramond-SemiBold.ttf"; path = "../src/assets/fonts/CormorantGaramond-SemiBold.ttf"; sourceTree = "<group>"; };
/* End PBXFileReference section */

/* Begin PBXFrameworksBuildPhase section */
		13B07F8C1A680F5B00A75B9A /* Frameworks */ = {
			isa = PBXFrameworksBuildPhase;
			buildActionMask = 2147483647;
			files = (
				0C80B921A6F3F58F76C31292 /* libPods-EightSquare.a in Frameworks */,
			);
			runOnlyForDeploymentPostprocessing = 0;
		};
/* End PBXFrameworksBuildPhase section */

/* Begin PBXGroup section */
		13B07FAE1A68108700A75B9A /* EightSquare */ = {
			isa = PBXGroup;
			children = (
				13B07FB51A68108700A75B9A /* Images.xcassets */,
				761780EC2CA45674006654EE /* AppDelegate.swift */,
				13B07FB61A68108700A75B9A /* Info.plist */,
				81AB9BB72411601600AC10FF /* LaunchScreen.storyboard */,
				CEF25B002D7C0DD8003FDEDA /* launch_screen.jpeg */,
				13B07FB81A68108700A75B9A /* PrivacyInfo.xcprivacy */,
			);
			name = EightSquare;
			sourceTree = "<group>";
		};
		2D16E6871FA4F8E400B85C8A /* Frameworks */ = {
			isa = PBXGroup;
			children = (
				ED297162215061F000B7C4FE /* JavaScriptCore.framework */,
				5DCACB8F33CDC322A6C60F78 /* libPods-EightSquare.a */,
			);
			name = Frameworks;
			sourceTree = "<group>";
		};
		832341AE1AAA6A7D00B99B32 /* Libraries */ = {
			isa = PBXGroup;
			children = (
			);
			name = Libraries;
			sourceTree = "<group>";
		};
		83CBB9F61A601CBA00E9B192 = {
			isa = PBXGroup;
			children = (
				13B07FAE1A68108700A75B9A /* EightSquare */,
				832341AE1AAA6A7D00B99B32 /* Libraries */,
				83CBBA001A601CBA00E9B192 /* Products */,
				2D16E6871FA4F8E400B85C8A /* Frameworks */,
				BBD78D7AC51CEA395F1C20DB /* Pods */,
				C3A3AFF951BA4CB1881D4FD6 /* Resources */,
			);
			indentWidth = 2;
			sourceTree = "<group>";
			tabWidth = 2;
			usesTabs = 0;
		};
		83CBBA001A601CBA00E9B192 /* Products */ = {
			isa = PBXGroup;
			children = (
				13B07F961A680F5B00A75B9A /* EightSquare.app */,
			);
			name = Products;
			sourceTree = "<group>";
		};
		BBD78D7AC51CEA395F1C20DB /* Pods */ = {
			isa = PBXGroup;
			children = (
				3B4392A12AC88292D35C810B /* Pods-EightSquare.debug.xcconfig */,
				5709B34CF0A7D63546082F79 /* Pods-EightSquare.release.xcconfig */,
			);
			path = Pods;
			sourceTree = "<group>";
		};
		C3A3AFF951BA4CB1881D4FD6 /* Resources */ = {
			isa = PBXGroup;
			children = (
				930B88EF296240DB901FD965 /* CormorantGaramond-Bold.ttf */,
				1FA6316246CA4F77846FA182 /* CormorantGaramond-BoldItalic.ttf */,
				29BE439CDCA544A18F19004F /* CormorantGaramond-Italic.ttf */,
				66D1F38D1DFD40DCBB8C0547 /* CormorantGaramond-Light.ttf */,
				E307A8FCF9B4463EB2BED235 /* CormorantGaramond-LightItalic.ttf */,
				36C533324893485292F9573C /* CormorantGaramond-Medium.ttf */,
				2095C77699FE478892CCDF3F /* CormorantGaramond-MediumItalic.ttf */,
				0419AA4660B7469B8A951010 /* CormorantGaramond-Regular.ttf */,
				F11D915F767C4ED6B5E8324A /* CormorantGaramond-SemiBold.ttf */,
				A31EA16FB6AB4A9890586384 /* CormorantGaramond-SemiBoldItalic.ttf */,
				035139BB91AF4D5A85FB3CFD /* ProzaLibre-Bold.ttf */,
				76A472CF34914B29B463CE5B /* ProzaLibre-BoldItalic.ttf */,
				21D0B80AC787411E990BBFA8 /* ProzaLibre-ExtraBold.ttf */,
				7F8114EB3ABC42AA98E64567 /* ProzaLibre-ExtraBoldItalic.ttf */,
				508FD4AD810D40AF9C41E51C /* ProzaLibre-Italic.ttf */,
				EB401B4A26124A6BAC50ABCE /* ProzaLibre-Medium.ttf */,
				4A0E31FEDED94AE390F0333C /* ProzaLibre-MediumItalic.ttf */,
				CC620C5D289B4BBFB4078BD5 /* ProzaLibre-Regular.ttf */,
				29F300557AE345B196EDD1FD /* ProzaLibre-SemiBold.ttf */,
				0E6C62B210E74CF99BA4B76B /* ProzaLibre-SemiBoldItalic.ttf */,
				14000AFD41E34F62B99152C9 /* OFL 2.txt */,
				77C4F1BE08CF4F71AFF3DA38 /* OFL.txt */,
			);
			name = Resources;
			sourceTree = "<group>";
		};
/* End PBXGroup section */

/* Begin PBXNativeTarget section */
		13B07F861A680F5B00A75B9A /* EightSquare */ = {
			isa = PBXNativeTarget;
			buildConfigurationList = 13B07F931A680F5B00A75B9A /* Build configuration list for PBXNativeTarget "EightSquare" */;
			buildPhases = (
				C38B50BA6285516D6DCD4F65 /* [CP] Check Pods Manifest.lock */,
				13B07F871A680F5B00A75B9A /* Sources */,
				13B07F8C1A680F5B00A75B9A /* Frameworks */,
				13B07F8E1A680F5B00A75B9A /* Resources */,
				00DD1BFF1BD5951E006B06BC /* Bundle React Native code and images */,
				00EEFC60759A1932668264C0 /* [CP] Embed Pods Frameworks */,
				E235C05ADACE081382539298 /* [CP] Copy Pods Resources */,
			);
			buildRules = (
			);
			dependencies = (
			);
			name = EightSquare;
			productName = EightSquare;
			productReference = 13B07F961A680F5B00A75B9A /* EightSquare.app */;
			productType = "com.apple.product-type.application";
		};
/* End PBXNativeTarget section */

/* Begin PBXProject section */
		83CBB9F71A601CBA00E9B192 /* Project object */ = {
			isa = PBXProject;
			attributes = {
				LastUpgradeCheck = 1210;
				TargetAttributes = {
					13B07F861A680F5B00A75B9A = {
						LastSwiftMigration = 1120;
					};
				};
			};
			buildConfigurationList = 83CBB9FA1A601CBA00E9B192 /* Build configuration list for PBXProject "EightSquare" */;
			compatibilityVersion = "Xcode 12.0";
			developmentRegion = en;
			hasScannedForEncodings = 0;
			knownRegions = (
				en,
				Base,
			);
			mainGroup = 83CBB9F61A601CBA00E9B192;
			productRefGroup = 83CBBA001A601CBA00E9B192 /* Products */;
			projectDirPath = "";
			projectRoot = "";
			targets = (
				13B07F861A680F5B00A75B9A /* EightSquare */,
			);
		};
/* End PBXProject section */

/* Begin PBXResourcesBuildPhase section */
		13B07F8E1A680F5B00A75B9A /* Resources */ = {
			isa = PBXResourcesBuildPhase;
			buildActionMask = 2147483647;
			files = (
				81AB9BB82411601600AC10FF /* LaunchScreen.storyboard in Resources */,
				13B07FBF1A68108700A75B9A /* Images.xcassets in Resources */,
				C78B7EEE01F62CF7B2DE5F53 /* PrivacyInfo.xcprivacy in Resources */,
				F6F226F7E6154C699079125F /* CormorantGaramond-Bold.ttf in Resources */,
				4A7D247AD94D4308A755FD52 /* CormorantGaramond-BoldItalic.ttf in Resources */,
				68D7F2C63C9D4A1DB0F1AD74 /* CormorantGaramond-Italic.ttf in Resources */,
				D4D2A295E01A47E9A15508EF /* CormorantGaramond-Light.ttf in Resources */,
				E76DA3F45EBC4EBAB0AD35DF /* CormorantGaramond-LightItalic.ttf in Resources */,
				C470E125B0A04A2F9B825EDA /* CormorantGaramond-Medium.ttf in Resources */,
				F2263E1AA0F84A5E90047A4E /* CormorantGaramond-MediumItalic.ttf in Resources */,
				CEF25B012D7C0DD8003FDEDA /* launch_screen.jpeg in Resources */,
				F8FF43E96243447A90DEED86 /* CormorantGaramond-Regular.ttf in Resources */,
				8E140D0E50C6423DAA4203D4 /* CormorantGaramond-SemiBold.ttf in Resources */,
				A830D31759E944BC8AEFAF9B /* CormorantGaramond-SemiBoldItalic.ttf in Resources */,
				91D629437F374C078AAE7B75 /* ProzaLibre-Bold.ttf in Resources */,
				83105BAB70534011815D1C16 /* ProzaLibre-BoldItalic.ttf in Resources */,
				4C2B4D9EDED5409E9CD851A2 /* ProzaLibre-ExtraBold.ttf in Resources */,
				BB2F7D065D384D3BA28E008C /* ProzaLibre-ExtraBoldItalic.ttf in Resources */,
				9CE15482CC484E669057E6A1 /* ProzaLibre-Italic.ttf in Resources */,
				68511F012DDA43B68F8CA89A /* ProzaLibre-Medium.ttf in Resources */,
				70781A7E5C2A4A6E823B22BD /* ProzaLibre-MediumItalic.ttf in Resources */,
				D7EB0D889E9B451886B20C12 /* ProzaLibre-Regular.ttf in Resources */,
				E89B8621BD714720AC3CE85F /* ProzaLibre-SemiBold.ttf in Resources */,
				B0D52ED200554EFCAA7E6B8E /* ProzaLibre-SemiBoldItalic.ttf in Resources */,
				D774540E578B4A639100B346 /* OFL 2.txt in Resources */,
				CDEA04B801894287A45612B5 /* OFL.txt in Resources */,
			);
			runOnlyForDeploymentPostprocessing = 0;
		};
/* End PBXResourcesBuildPhase section */

/* Begin PBXShellScriptBuildPhase section */
		00DD1BFF1BD5951E006B06BC /* Bundle React Native code and images */ = {
			isa = PBXShellScriptBuildPhase;
			buildActionMask = 2147483647;
			files = (
			);
			inputPaths = (
				"$(SRCROOT)/.xcode.env.local",
				"$(SRCROOT)/.xcode.env",
			);
			name = "Bundle React Native code and images";
			outputPaths = (
			);
			runOnlyForDeploymentPostprocessing = 0;
			shellPath = /bin/sh;
			shellScript = "set -e\n\nWITH_ENVIRONMENT=\"$REACT_NATIVE_PATH/scripts/xcode/with-environment.sh\"\nREACT_NATIVE_XCODE=\"$REACT_NATIVE_PATH/scripts/react-native-xcode.sh\"\n\n/bin/sh -c \"$WITH_ENVIRONMENT $REACT_NATIVE_XCODE\"\n";
		};
		00EEFC60759A1932668264C0 /* [CP] Embed Pods Frameworks */ = {
			isa = PBXShellScriptBuildPhase;
			buildActionMask = 2147483647;
			files = (
			);
			inputFileListPaths = (
				"${PODS_ROOT}/Target Support Files/Pods-EightSquare/Pods-EightSquare-frameworks-${CONFIGURATION}-input-files.xcfilelist",
			);
			name = "[CP] Embed Pods Frameworks";
			outputFileListPaths = (
				"${PODS_ROOT}/Target Support Files/Pods-EightSquare/Pods-EightSquare-frameworks-${CONFIGURATION}-output-files.xcfilelist",
			);
			runOnlyForDeploymentPostprocessing = 0;
			shellPath = /bin/sh;
			shellScript = "\"${PODS_ROOT}/Target Support Files/Pods-EightSquare/Pods-EightSquare-frameworks.sh\"\n";
			showEnvVarsInLog = 0;
		};
		C38B50BA6285516D6DCD4F65 /* [CP] Check Pods Manifest.lock */ = {
			isa = PBXShellScriptBuildPhase;
			buildActionMask = 2147483647;
			files = (
			);
			inputFileListPaths = (
			);
			inputPaths = (
				"${PODS_PODFILE_DIR_PATH}/Podfile.lock",
				"${PODS_ROOT}/Manifest.lock",
			);
			name = "[CP] Check Pods Manifest.lock";
			outputFileListPaths = (
			);
			outputPaths = (
				"$(DERIVED_FILE_DIR)/Pods-EightSquare-checkManifestLockResult.txt",
			);
			runOnlyForDeploymentPostprocessing = 0;
			shellPath = /bin/sh;
			shellScript = "diff \"${PODS_PODFILE_DIR_PATH}/Podfile.lock\" \"${PODS_ROOT}/Manifest.lock\" > /dev/null\nif [ $? != 0 ] ; then\n    # print error to STDERR\n    echo \"error: The sandbox is not in sync with the Podfile.lock. Run 'pod install' or update your CocoaPods installation.\" >&2\n    exit 1\nfi\n# This output is used by Xcode 'outputs' to avoid re-running this script phase.\necho \"SUCCESS\" > \"${SCRIPT_OUTPUT_FILE_0}\"\n";
			showEnvVarsInLog = 0;
		};
		E235C05ADACE081382539298 /* [CP] Copy Pods Resources */ = {
			isa = PBXShellScriptBuildPhase;
			buildActionMask = 2147483647;
			files = (
			);
			inputFileListPaths = (
				"${PODS_ROOT}/Target Support Files/Pods-EightSquare/Pods-EightSquare-resources-${CONFIGURATION}-input-files.xcfilelist",
			);
			name = "[CP] Copy Pods Resources";
			outputFileListPaths = (
				"${PODS_ROOT}/Target Support Files/Pods-EightSquare/Pods-EightSquare-resources-${CONFIGURATION}-output-files.xcfilelist",
			);
			runOnlyForDeploymentPostprocessing = 0;
			shellPath = /bin/sh;
			shellScript = "\"${PODS_ROOT}/Target Support Files/Pods-EightSquare/Pods-EightSquare-resources.sh\"\n";
			showEnvVarsInLog = 0;
		};
/* End PBXShellScriptBuildPhase section */

/* Begin PBXSourcesBuildPhase section */
		13B07F871A680F5B00A75B9A /* Sources */ = {
			isa = PBXSourcesBuildPhase;
			buildActionMask = 2147483647;
			files = (
				761780ED2CA45674006654EE /* AppDelegate.swift in Sources */,
			);
			runOnlyForDeploymentPostprocessing = 0;
		};
/* End PBXSourcesBuildPhase section */

/* Begin XCBuildConfiguration section */
		13B07F941A680F5B00A75B9A /* Debug */ = {
			isa = XCBuildConfiguration;
			baseConfigurationReference = 3B4392A12AC88292D35C810B /* Pods-EightSquare.debug.xcconfig */;
			buildSettings = {
				ASSETCATALOG_COMPILER_APPICON_NAME = AppIcon;
				CLANG_ENABLE_MODULES = YES;
				CURRENT_PROJECT_VERSION = 1;
				ENABLE_BITCODE = NO;
				INFOPLIST_FILE = EightSquare/Info.plist;
				IPHONEOS_DEPLOYMENT_TARGET = 15.1;
				LD_RUNPATH_SEARCH_PATHS = (
					"$(inherited)",
					"@executable_path/Frameworks",
				);
				MARKETING_VERSION = 1.0;
				OTHER_LDFLAGS = (
					"$(inherited)",
					"-ObjC",
					"-lc++",
				);
				PRODUCT_BUNDLE_IDENTIFIER = "org.reactjs.native.example.$(PRODUCT_NAME:rfc1034identifier)";
				PRODUCT_NAME = EightSquare;
				SWIFT_OPTIMIZATION_LEVEL = "-Onone";
				SWIFT_VERSION = 5.0;
				VERSIONING_SYSTEM = "apple-generic";
			};
			name = Debug;
		};
		13B07F951A680F5B00A75B9A /* Release */ = {
			isa = XCBuildConfiguration;
			baseConfigurationReference = 5709B34CF0A7D63546082F79 /* Pods-EightSquare.release.xcconfig */;
			buildSettings = {
				ASSETCATALOG_COMPILER_APPICON_NAME = AppIcon;
				CLANG_ENABLE_MODULES = YES;
				CURRENT_PROJECT_VERSION = 1;
				INFOPLIST_FILE = EightSquare/Info.plist;
				IPHONEOS_DEPLOYMENT_TARGET = 15.1;
				LD_RUNPATH_SEARCH_PATHS = (
					"$(inherited)",
					"@executable_path/Frameworks",
				);
				MARKETING_VERSION = 1.0;
				OTHER_LDFLAGS = (
					"$(inherited)",
					"-ObjC",
					"-lc++",
				);
				PRODUCT_BUNDLE_IDENTIFIER = "org.reactjs.native.example.$(PRODUCT_NAME:rfc1034identifier)";
				PRODUCT_NAME = EightSquare;
				SWIFT_VERSION = 5.0;
				VERSIONING_SYSTEM = "apple-generic";
			};
			name = Release;
		};
		83CBBA201A601CBA00E9B192 /* Debug */ = {
			isa = XCBuildConfiguration;
			buildSettings = {
				ALWAYS_SEARCH_USER_PATHS = NO;
				CLANG_ANALYZER_LOCALIZABILITY_NONLOCALIZED = YES;
				CLANG_CXX_LANGUAGE_STANDARD = "c++20";
				CLANG_CXX_LIBRARY = "libc++";
				CLANG_ENABLE_MODULES = YES;
				CLANG_ENABLE_OBJC_ARC = YES;
				CLANG_WARN_BLOCK_CAPTURE_AUTORELEASING = YES;
				CLANG_WARN_BOOL_CONVERSION = YES;
				CLANG_WARN_COMMA = YES;
				CLANG_WARN_CONSTANT_CONVERSION = YES;
				CLANG_WARN_DEPRECATED_OBJC_IMPLEMENTATIONS = YES;
				CLANG_WARN_DIRECT_OBJC_ISA_USAGE = YES_ERROR;
				CLANG_WARN_EMPTY_BODY = YES;
				CLANG_WARN_ENUM_CONVERSION = YES;
				CLANG_WARN_INFINITE_RECURSION = YES;
				CLANG_WARN_INT_CONVERSION = YES;
				CLANG_WARN_NON_LITERAL_NULL_CONVERSION = YES;
				CLANG_WARN_OBJC_IMPLICIT_RETAIN_SELF = YES;
				CLANG_WARN_OBJC_LITERAL_CONVERSION = YES;
				CLANG_WARN_OBJC_ROOT_CLASS = YES_ERROR;
				CLANG_WARN_QUOTED_INCLUDE_IN_FRAMEWORK_HEADER = YES;
				CLANG_WARN_RANGE_LOOP_ANALYSIS = YES;
				CLANG_WARN_STRICT_PROTOTYPES = YES;
				CLANG_WARN_SUSPICIOUS_MOVE = YES;
				CLANG_WARN_UNREACHABLE_CODE = YES;
				CLANG_WARN__DUPLICATE_METHOD_MATCH = YES;
				"CODE_SIGN_IDENTITY[sdk=iphoneos*]" = "iPhone Developer";
				COPY_PHASE_STRIP = NO;
				ENABLE_STRICT_OBJC_MSGSEND = YES;
				ENABLE_TESTABILITY = YES;
				"EXCLUDED_ARCHS[sdk=iphonesimulator*]" = "";
				GCC_C_LANGUAGE_STANDARD = gnu99;
				GCC_DYNAMIC_NO_PIC = NO;
				GCC_NO_COMMON_BLOCKS = YES;
				GCC_OPTIMIZATION_LEVEL = 0;
				GCC_PREPROCESSOR_DEFINITIONS = (
					"DEBUG=1",
					"$(inherited)",
				);
				GCC_SYMBOLS_PRIVATE_EXTERN = NO;
				GCC_WARN_64_TO_32_BIT_CONVERSION = YES;
				GCC_WARN_ABOUT_RETURN_TYPE = YES_ERROR;
				GCC_WARN_UNDECLARED_SELECTOR = YES;
				GCC_WARN_UNINITIALIZED_AUTOS = YES_AGGRESSIVE;
				GCC_WARN_UNUSED_FUNCTION = YES;
				GCC_WARN_UNUSED_VARIABLE = YES;
				IPHONEOS_DEPLOYMENT_TARGET = 15.1;
				LD_RUNPATH_SEARCH_PATHS = (
					/usr/lib/swift,
					"$(inherited)",
				);
				LIBRARY_SEARCH_PATHS = (
					"\"$(SDKROOT)/usr/lib/swift\"",
					"\"$(TOOLCHAIN_DIR)/usr/lib/swift/$(PLATFORM_NAME)\"",
					"\"$(inherited)\"",
				);
				MTL_ENABLE_DEBUG_INFO = YES;
				ONLY_ACTIVE_ARCH = YES;
				OTHER_CPLUSPLUSFLAGS = (
					"$(OTHER_CFLAGS)",
					"-DFOLLY_NO_CONFIG",
					"-DFOLLY_MOBILE=1",
					"-DFOLLY_USE_LIBCPP=1",
					"-DFOLLY_CFG_NO_COROUTINES=1",
					"-DFOLLY_HAVE_CLOCK_GETTIME=1",
				);
				OTHER_LDFLAGS = "$(inherited)  ";
				REACT_NATIVE_PATH = "${PODS_ROOT}/../../node_modules/react-native";
				SDKROOT = iphoneos;
				SWIFT_ACTIVE_COMPILATION_CONDITIONS = "$(inherited) DEBUG";
				USE_HERMES = true;
			};
			name = Debug;
		};
		83CBBA211A601CBA00E9B192 /* Release */ = {
			isa = XCBuildConfiguration;
			buildSettings = {
				ALWAYS_SEARCH_USER_PATHS = NO;
				CLANG_ANALYZER_LOCALIZABILITY_NONLOCALIZED = YES;
				CLANG_CXX_LANGUAGE_STANDARD = "c++20";
				CLANG_CXX_LIBRARY = "libc++";
				CLANG_ENABLE_MODULES = YES;
				CLANG_ENABLE_OBJC_ARC = YES;
				CLANG_WARN_BLOCK_CAPTURE_AUTORELEASING = YES;
				CLANG_WARN_BOOL_CONVERSION = YES;
				CLANG_WARN_COMMA = YES;
				CLANG_WARN_CONSTANT_CONVERSION = YES;
				CLANG_WARN_DEPRECATED_OBJC_IMPLEMENTATIONS = YES;
				CLANG_WARN_DIRECT_OBJC_ISA_USAGE = YES_ERROR;
				CLANG_WARN_EMPTY_BODY = YES;
				CLANG_WARN_ENUM_CONVERSION = YES;
				CLANG_WARN_INFINITE_RECURSION = YES;
				CLANG_WARN_INT_CONVERSION = YES;
				CLANG_WARN_NON_LITERAL_NULL_CONVERSION = YES;
				CLANG_WARN_OBJC_IMPLICIT_RETAIN_SELF = YES;
				CLANG_WARN_OBJC_LITERAL_CONVERSION = YES;
				CLANG_WARN_OBJC_ROOT_CLASS = YES_ERROR;
				CLANG_WARN_QUOTED_INCLUDE_IN_FRAMEWORK_HEADER = YES;
				CLANG_WARN_RANGE_LOOP_ANALYSIS = YES;
				CLANG_WARN_STRICT_PROTOTYPES = YES;
				CLANG_WARN_SUSPICIOUS_MOVE = YES;
				CLANG_WARN_UNREACHABLE_CODE = YES;
				CLANG_WARN__DUPLICATE_METHOD_MATCH = YES;
				"CODE_SIGN_IDENTITY[sdk=iphoneos*]" = "iPhone Developer";
				COPY_PHASE_STRIP = YES;
				ENABLE_NS_ASSERTIONS = NO;
				ENABLE_STRICT_OBJC_MSGSEND = YES;
				"EXCLUDED_ARCHS[sdk=iphonesimulator*]" = "";
				GCC_C_LANGUAGE_STANDARD = gnu99;
				GCC_NO_COMMON_BLOCKS = YES;
				GCC_WARN_64_TO_32_BIT_CONVERSION = YES;
				GCC_WARN_ABOUT_RETURN_TYPE = YES_ERROR;
				GCC_WARN_UNDECLARED_SELECTOR = YES;
				GCC_WARN_UNINITIALIZED_AUTOS = YES_AGGRESSIVE;
				GCC_WARN_UNUSED_FUNCTION = YES;
				GCC_WARN_UNUSED_VARIABLE = YES;
				IPHONEOS_DEPLOYMENT_TARGET = 15.1;
				LD_RUNPATH_SEARCH_PATHS = (
					/usr/lib/swift,
					"$(inherited)",
				);
				LIBRARY_SEARCH_PATHS = (
					"\"$(SDKROOT)/usr/lib/swift\"",
					"\"$(TOOLCHAIN_DIR)/usr/lib/swift/$(PLATFORM_NAME)\"",
					"\"$(inherited)\"",
				);
				MTL_ENABLE_DEBUG_INFO = NO;
				OTHER_CPLUSPLUSFLAGS = (
					"$(OTHER_CFLAGS)",
					"-DFOLLY_NO_CONFIG",
					"-DFOLLY_MOBILE=1",
					"-DFOLLY_USE_LIBCPP=1",
					"-DFOLLY_CFG_NO_COROUTINES=1",
					"-DFOLLY_HAVE_CLOCK_GETTIME=1",
				);
				OTHER_LDFLAGS = "$(inherited)  ";
				REACT_NATIVE_PATH = "${PODS_ROOT}/../../node_modules/react-native";
				SDKROOT = iphoneos;
				USE_HERMES = true;
				VALIDATE_PRODUCT = YES;
			};
			name = Release;
		};
/* End XCBuildConfiguration section */

/* Begin XCConfigurationList section */
		13B07F931A680F5B00A75B9A /* Build configuration list for PBXNativeTarget "EightSquare" */ = {
			isa = XCConfigurationList;
			buildConfigurations = (
				13B07F941A680F5B00A75B9A /* Debug */,
				13B07F951A680F5B00A75B9A /* Release */,
			);
			defaultConfigurationIsVisible = 0;
			defaultConfigurationName = Release;
		};
		83CBB9FA1A601CBA00E9B192 /* Build configuration list for PBXProject "EightSquare" */ = {
			isa = XCConfigurationList;
			buildConfigurations = (
				83CBBA201A601CBA00E9B192 /* Debug */,
				83CBBA211A601CBA00E9B192 /* Release */,
			);
			defaultConfigurationIsVisible = 0;
			defaultConfigurationName = Release;
		};
/* End XCConfigurationList section */
	};
	rootObject = 83CBB9F71A601CBA00E9B192 /* Project object */;
}
